PODS:
  - FBSnapshotTestCase (2.1.4):
    - FBSnapshotTestCase/SwiftSupport (= 2.1.4)
  - FBSnapshotTestCase/Core (2.1.4)
  - FBSnapshotTestCase/SwiftSupport (2.1.4):
    - FBSnapshotTestCase/Core
  - FCBridge (0.0.3)

DEPENDENCIES:
  - FBSnapshotTestCase
  - FCBridge (from `../`)

SPEC REPOS:
  trunk:
    - FBSnapshotTestCase

EXTERNAL SOURCES:
  FCBridge:
    :path: "../"

SPEC CHECKSUMS:
  FBSnapshotTestCase: 094f9f314decbabe373b87cc339bea235a63e07a
  FCBridge: 83d366872ba126cc6efc8fcb1e18efca2f64109f

PODFILE CHECKSUM: 3c164825d496a9f2b76c3e78c8cb438eb0c12fa2

COCOAPODS: 1.8.3
